
Microsoft Visual Studio Solution File, Format Version 12.00
# Visual Studio Version 17
VisualStudioVersion = 17.8.34601.278
MinimumVisualStudioVersion = 10.0.40219.1
Project("{2150E333-8FDC-42A3-9474-1A3956D46DE8}") = "Backend", "Backend", "{E11B142C-0CB5-4074-B39A-ECF5916CF617}"
EndProject
Project("{2150E333-8FDC-42A3-9474-1A3956D46DE8}") = "FrontEnd", "FrontEnd", "{3DEA1C84-C0B7-4A33-8D56-1807A2FD3443}"
EndProject
Project("{9A19103F-16F7-4668-BE54-9A1E7A4F7556}") = "Entity", "BackEnd\Entity\Entity.csproj", "{4832159D-816D-4FB7-97F3-AC068207DD37}"
EndProject
Project("{9A19103F-16F7-4668-BE54-9A1E7A4F7556}") = "Dto", "BackEnd\Dto\Dto.csproj", "{20F6F469-1A43-43CD-BA91-7A5D76778DD3}"
EndProject
Project("{9A19103F-16F7-4668-BE54-9A1E7A4F7556}") = "Bussiness", "BackEnd\Bussiness\Bussiness.csproj", "{D53E8A98-B8DD-4174-8E82-16D692A1E3A7}"
EndProject
Project("{2150E333-8FDC-42A3-9474-1A3956D46DE8}") = "API", "API", "{6D155C7C-B7E8-4FEF-BBC5-6CD7D3F97879}"
EndProject
Project("{9A19103F-16F7-4668-BE54-9A1E7A4F7556}") = "Api.Venta", "Frontend\API\Api.Venta\Api.Venta.csproj", "{4F84627B-AA53-4CE5-B849-A9E333193BC6}"
EndProject
Project("{2150E333-8FDC-42A3-9474-1A3956D46DE8}") = "Web", "Web", "{D0EAFD4D-9135-4C1A-A359-DF65415ED7EF}"
EndProject
Project("{FAE04EC0-301F-11D3-BF4B-00C04F79EFBC}") = "Web.Ventas", "Frontend\Web\Web.Ventas\Web.Ventas.csproj", "{62CFD7EA-B41F-4AD4-B333-CFC7C4926B82}"
EndProject
Global
	GlobalSection(SolutionConfigurationPlatforms) = preSolution
		Debug|Any CPU = Debug|Any CPU
		Release|Any CPU = Release|Any CPU
	EndGlobalSection
	GlobalSection(ProjectConfigurationPlatforms) = postSolution
		{4832159D-816D-4FB7-97F3-AC068207DD37}.Debug|Any CPU.ActiveCfg = Debug|Any CPU
		{4832159D-816D-4FB7-97F3-AC068207DD37}.Debug|Any CPU.Build.0 = Debug|Any CPU
		{4832159D-816D-4FB7-97F3-AC068207DD37}.Release|Any CPU.ActiveCfg = Release|Any CPU
		{4832159D-816D-4FB7-97F3-AC068207DD37}.Release|Any CPU.Build.0 = Release|Any CPU
		{20F6F469-1A43-43CD-BA91-7A5D76778DD3}.Debug|Any CPU.ActiveCfg = Debug|Any CPU
		{20F6F469-1A43-43CD-BA91-7A5D76778DD3}.Debug|Any CPU.Build.0 = Debug|Any CPU
		{20F6F469-1A43-43CD-BA91-7A5D76778DD3}.Release|Any CPU.ActiveCfg = Release|Any CPU
		{20F6F469-1A43-43CD-BA91-7A5D76778DD3}.Release|Any CPU.Build.0 = Release|Any CPU
		{D53E8A98-B8DD-4174-8E82-16D692A1E3A7}.Debug|Any CPU.ActiveCfg = Debug|Any CPU
		{D53E8A98-B8DD-4174-8E82-16D692A1E3A7}.Debug|Any CPU.Build.0 = Debug|Any CPU
		{D53E8A98-B8DD-4174-8E82-16D692A1E3A7}.Release|Any CPU.ActiveCfg = Release|Any CPU
		{D53E8A98-B8DD-4174-8E82-16D692A1E3A7}.Release|Any CPU.Build.0 = Release|Any CPU
		{4F84627B-AA53-4CE5-B849-A9E333193BC6}.Debug|Any CPU.ActiveCfg = Debug|Any CPU
		{4F84627B-AA53-4CE5-B849-A9E333193BC6}.Debug|Any CPU.Build.0 = Debug|Any CPU
		{4F84627B-AA53-4CE5-B849-A9E333193BC6}.Release|Any CPU.ActiveCfg = Release|Any CPU
		{4F84627B-AA53-4CE5-B849-A9E333193BC6}.Release|Any CPU.Build.0 = Release|Any CPU
		{62CFD7EA-B41F-4AD4-B333-CFC7C4926B82}.Debug|Any CPU.ActiveCfg = Debug|Any CPU
		{62CFD7EA-B41F-4AD4-B333-CFC7C4926B82}.Debug|Any CPU.Build.0 = Debug|Any CPU
		{62CFD7EA-B41F-4AD4-B333-CFC7C4926B82}.Release|Any CPU.ActiveCfg = Release|Any CPU
		{62CFD7EA-B41F-4AD4-B333-CFC7C4926B82}.Release|Any CPU.Build.0 = Release|Any CPU
	EndGlobalSection
	GlobalSection(SolutionProperties) = preSolution
		HideSolutionNode = FALSE
	EndGlobalSection
	GlobalSection(NestedProjects) = preSolution
		{4832159D-816D-4FB7-97F3-AC068207DD37} = {E11B142C-0CB5-4074-B39A-ECF5916CF617}
		{20F6F469-1A43-43CD-BA91-7A5D76778DD3} = {E11B142C-0CB5-4074-B39A-ECF5916CF617}
		{D53E8A98-B8DD-4174-8E82-16D692A1E3A7} = {E11B142C-0CB5-4074-B39A-ECF5916CF617}
		{6D155C7C-B7E8-4FEF-BBC5-6CD7D3F97879} = {3DEA1C84-C0B7-4A33-8D56-1807A2FD3443}
		{4F84627B-AA53-4CE5-B849-A9E333193BC6} = {6D155C7C-B7E8-4FEF-BBC5-6CD7D3F97879}
		{D0EAFD4D-9135-4C1A-A359-DF65415ED7EF} = {3DEA1C84-C0B7-4A33-8D56-1807A2FD3443}
		{62CFD7EA-B41F-4AD4-B333-CFC7C4926B82} = {D0EAFD4D-9135-4C1A-A359-DF65415ED7EF}
	EndGlobalSection
	GlobalSection(ExtensibilityGlobals) = postSolution
		SolutionGuid = {1E8C1D54-F4CA-45CF-BF18-9602C548D9AA}
	EndGlobalSection
EndGlobal
